
Microsoft Visual Studio Solution File, Format Version 12.00
# Visual Studio Version 17
VisualStudioVersion = 17.11.35327.3
MinimumVisualStudioVersion = 10.0.40219.1
Project("{2150E333-8FDC-42A3-9474-1A3956D46DE8}") = "Task0", "Task0", "{C1799E60-D768-42E6-A9DE-81F61872D50F}"
EndProject
Project("{FAE04EC0-301F-11D3-BF4B-00C04F79EFBC}") = "Tyuiu.BelousovaOD.Sprint2.Task0.V28", "Tyuiu.BelousovaOD.Sprint2.Task0.V28\Tyuiu.BelousovaOD.Sprint2.Task0.V28.csproj", "{278B80F7-4B06-427C-ACA0-AC8C0F1CC072}"
EndProject
Project("{FAE04EC0-301F-11D3-BF4B-00C04F79EFBC}") = "Tyuiu.BelousovaOD.Sprint2.Task0.V28.Lib", "Tyuiu.BelousovaOD.Sprint2.Task0.V28.Lib\Tyuiu.BelousovaOD.Sprint2.Task0.V28.Lib.csproj", "{1A3403BE-CA32-460C-BC11-CB8AFC828503}"
EndProject
Project("{FAE04EC0-301F-11D3-BF4B-00C04F79EFBC}") = "Tyuiu.BelousovaOD.Sprint2.Task0.V28.Test", "Tyuiu.BelousovaOD.Sprint2.Task0.V28.Test\Tyuiu.BelousovaOD.Sprint2.Task0.V28.Test.csproj", "{C06AB7DB-1ADD-494B-A1D7-33F0990A0397}"
EndProject
Project("{2150E333-8FDC-42A3-9474-1A3956D46DE8}") = "Task1", "Task1", "{56660C19-A61A-40EE-9120-36CE65BB600B}"
EndProject
Project("{FAE04EC0-301F-11D3-BF4B-00C04F79EFBC}") = "Tyuiu.BelousovaOD.Sprint2.Task1.V20", "Tyuiu.BelousovaOD.Sprint2.Task1.V20\Tyuiu.BelousovaOD.Sprint2.Task1.V20.csproj", "{D97A9046-91CE-4783-9A94-BCE1D92DC612}"
EndProject
Project("{FAE04EC0-301F-11D3-BF4B-00C04F79EFBC}") = "Tyuiu.BelousovaOD.Sprint2.Task1.V20.Lib", "Tyuiu.BelousovaOD.Sprint2.Task1.V20.Lib\Tyuiu.BelousovaOD.Sprint2.Task1.V20.Lib.csproj", "{D2296B53-6C34-4E6D-B742-F32AD62E201E}"
EndProject
Project("{FAE04EC0-301F-11D3-BF4B-00C04F79EFBC}") = "Tyuiu.BelousovaOD.Sprint2.Task1.V20.Test", "Tyuiu.BelousovaOD.Sprint2.Task1.V20.Test\Tyuiu.BelousovaOD.Sprint2.Task1.V20.Test.csproj", "{F82EA893-156B-4524-881B-82EAB76E4A92}"
EndProject
Project("{2150E333-8FDC-42A3-9474-1A3956D46DE8}") = "Task2", "Task2", "{AA70CFA7-AB47-4A36-8F94-56273582F633}"
EndProject
Project("{FAE04EC0-301F-11D3-BF4B-00C04F79EFBC}") = "Tyuiu.BelousovaOD.Sprint2.Task2.V6", "Tyuiu.BelousovaOD.Sprint2.Task2.V6\Tyuiu.BelousovaOD.Sprint2.Task2.V6.csproj", "{169C5DE7-55E1-4C22-8CD2-2412E5F9988E}"
EndProject
Project("{FAE04EC0-301F-11D3-BF4B-00C04F79EFBC}") = "Tyuiu.BelousovaOD.Sprint2.Task2.V6.Lib", "Tyuiu.BelousovaOD.Sprint2.Task2.V6.Lib\Tyuiu.BelousovaOD.Sprint2.Task2.V6.Lib.csproj", "{073B8DFA-849B-405C-B42E-16C08E98B57A}"
EndProject
Project("{FAE04EC0-301F-11D3-BF4B-00C04F79EFBC}") = "Tyuiu.BelousovaOD.Sprint2.Task2.V6.Test", "Tyuiu.BelousovaOD.Sprint2.Task2.V6.Test\Tyuiu.BelousovaOD.Sprint2.Task2.V6.Test.csproj", "{392C9670-799F-425B-AFBA-2C9C1811D630}"
EndProject
Project("{2150E333-8FDC-42A3-9474-1A3956D46DE8}") = "Task3", "Task3", "{8ACFD9C3-8435-457A-8CBF-17872B4FF36A}"
EndProject
Project("{FAE04EC0-301F-11D3-BF4B-00C04F79EFBC}") = "Tyuiu.BelousovaOD.Sprint2.Task3.V8", "Tyuiu.BelousovaOD.Sprint2.Task3.V8\Tyuiu.BelousovaOD.Sprint2.Task3.V8.csproj", "{F964162E-2032-4059-B9AB-41CD37732148}"
EndProject
Project("{FAE04EC0-301F-11D3-BF4B-00C04F79EFBC}") = "Tyuiu.BelousovaOD.Sprint2.Task3.V8.Lib", "Tyuiu.BelousovaOD.Sprint2.Task3.V8.Lib\Tyuiu.BelousovaOD.Sprint2.Task3.V8.Lib.csproj", "{7E04507A-85EB-42BE-AA3A-1C21FB5F295C}"
EndProject
Project("{FAE04EC0-301F-11D3-BF4B-00C04F79EFBC}") = "Tyuiu.BelousovaOD.Sprint2.Task3.V8.Test", "Tyuiu.BelousovaOD.Sprint2.Task3.V8.Test\Tyuiu.BelousovaOD.Sprint2.Task3.V8.Test.csproj", "{300483DA-12AC-4ABE-8718-6AD6A5939F15}"
EndProject
Project("{2150E333-8FDC-42A3-9474-1A3956D46DE8}") = "Task4", "Task4", "{ADECC3C7-2F74-438B-82D6-9203894E3534}"
EndProject
Project("{FAE04EC0-301F-11D3-BF4B-00C04F79EFBC}") = "Tyuiu.BelousovaOD.Sprint2.Task4.V19", "Tyuiu.BelousovaOD.Sprint2.Task4.V19\Tyuiu.BelousovaOD.Sprint2.Task4.V19.csproj", "{1C384258-687B-430B-8F99-4A95C22247FE}"
EndProject
Project("{FAE04EC0-301F-11D3-BF4B-00C04F79EFBC}") = "Tyuiu.BelousovaOD.Sprint2.Task4.V19.Lib", "Tyuiu.BelousovaOD.Sprint2.Task4.V19.Lib\Tyuiu.BelousovaOD.Sprint2.Task4.V19.Lib.csproj", "{ACAA1F78-0FB8-4027-8BAB-A4B63D37CE92}"
EndProject
Project("{FAE04EC0-301F-11D3-BF4B-00C04F79EFBC}") = "Tyuiu.BelousovaOD.Sprint2.Task4.V19.Test", "Tyuiu.BelousovaOD.Sprint2.Task4.V19.Test\Tyuiu.BelousovaOD.Sprint2.Task4.V19.Test.csproj", "{8FD3922B-D307-4833-A4A3-464BDFCCF7A4}"
EndProject
Project("{2150E333-8FDC-42A3-9474-1A3956D46DE8}") = "Task5", "Task5", "{79FFE964-9D81-49A2-93DB-5375D6C77255}"
EndProject
Project("{FAE04EC0-301F-11D3-BF4B-00C04F79EFBC}") = "Tyuiu.BelousovaOD.Sprint2.Task5.V6", "Tyuiu.BelousovaOD.Sprint2.Task5.V6\Tyuiu.BelousovaOD.Sprint2.Task5.V6.csproj", "{261D1ED2-5896-4E3B-BE7A-F9D524FE7BAD}"
EndProject
Project("{FAE04EC0-301F-11D3-BF4B-00C04F79EFBC}") = "Tyuiu.BelousovaOD.Sprint2.Task5.V6.Lib", "Tyuiu.BelousovaOD.Sprint2.Task5.V6.Lib\Tyuiu.BelousovaOD.Sprint2.Task5.V6.Lib.csproj", "{837B9CAC-79EA-4705-A99D-4082916C4F54}"
EndProject
Project("{FAE04EC0-301F-11D3-BF4B-00C04F79EFBC}") = "Tyuiu.BelousovaOD.Sprint2.Task5.V6.Test", "Tyuiu.BelousovaOD.Sprint2.Task5.V6.Test\Tyuiu.BelousovaOD.Sprint2.Task5.V6.Test.csproj", "{DFF27FD7-ACCD-42DA-8FED-3824C0FB67E4}"
EndProject
Project("{2150E333-8FDC-42A3-9474-1A3956D46DE8}") = "Task6", "Task6", "{08876DCE-3BA3-4209-A3EA-7CF966362844}"
EndProject
Project("{FAE04EC0-301F-11D3-BF4B-00C04F79EFBC}") = "Tyuiu.BelousovaOD.Sprint2.Task6.V8", "Tyuiu.BelousovaOD.Sprint2.Task6.V8\Tyuiu.BelousovaOD.Sprint2.Task6.V8.csproj", "{78E9E472-E318-420F-B73E-F1D27085FA87}"
EndProject
Project("{FAE04EC0-301F-11D3-BF4B-00C04F79EFBC}") = "Tyuiu.BelousovaOD.Sprint2.Task6.V8.Lib", "Tyuiu.BelousovaOD.Sprint2.Task6.V8.Lib\Tyuiu.BelousovaOD.Sprint2.Task6.V8.Lib.csproj", "{0BD0151D-E9FC-4E53-94E8-32E47DE884BC}"
EndProject
Project("{FAE04EC0-301F-11D3-BF4B-00C04F79EFBC}") = "Tyuiu.BelousovaOD.Sprint2.Task6.V8.Test", "Tyuiu.BelousovaOD.Sprint2.Task6.V8.Test\Tyuiu.BelousovaOD.Sprint2.Task6.V8.Test.csproj", "{C3BDF483-82CB-4FDD-8D6E-D909F2D5FF13}"
EndProject
Global
	GlobalSection(SolutionConfigurationPlatforms) = preSolution
		Debug|Any CPU = Debug|Any CPU
		Release|Any CPU = Release|Any CPU
	EndGlobalSection
	GlobalSection(ProjectConfigurationPlatforms) = postSolution
		{278B80F7-4B06-427C-ACA0-AC8C0F1CC072}.Debug|Any CPU.ActiveCfg = Debug|Any CPU
		{278B80F7-4B06-427C-ACA0-AC8C0F1CC072}.Debug|Any CPU.Build.0 = Debug|Any CPU
		{278B80F7-4B06-427C-ACA0-AC8C0F1CC072}.Release|Any CPU.ActiveCfg = Release|Any CPU
		{278B80F7-4B06-427C-ACA0-AC8C0F1CC072}.Release|Any CPU.Build.0 = Release|Any CPU
		{1A3403BE-CA32-460C-BC11-CB8AFC828503}.Debug|Any CPU.ActiveCfg = Debug|Any CPU
		{1A3403BE-CA32-460C-BC11-CB8AFC828503}.Debug|Any CPU.Build.0 = Debug|Any CPU
		{1A3403BE-CA32-460C-BC11-CB8AFC828503}.Release|Any CPU.ActiveCfg = Release|Any CPU
		{1A3403BE-CA32-460C-BC11-CB8AFC828503}.Release|Any CPU.Build.0 = Release|Any CPU
		{C06AB7DB-1ADD-494B-A1D7-33F0990A0397}.Debug|Any CPU.ActiveCfg = Debug|Any CPU
		{C06AB7DB-1ADD-494B-A1D7-33F0990A0397}.Debug|Any CPU.Build.0 = Debug|Any CPU
		{C06AB7DB-1ADD-494B-A1D7-33F0990A0397}.Release|Any CPU.ActiveCfg = Release|Any CPU
		{C06AB7DB-1ADD-494B-A1D7-33F0990A0397}.Release|Any CPU.Build.0 = Release|Any CPU
		{D97A9046-91CE-4783-9A94-BCE1D92DC612}.Debug|Any CPU.ActiveCfg = Debug|Any CPU
		{D97A9046-91CE-4783-9A94-BCE1D92DC612}.Debug|Any CPU.Build.0 = Debug|Any CPU
		{D97A9046-91CE-4783-9A94-BCE1D92DC612}.Release|Any CPU.ActiveCfg = Release|Any CPU
		{D97A9046-91CE-4783-9A94-BCE1D92DC612}.Release|Any CPU.Build.0 = Release|Any CPU
		{D2296B53-6C34-4E6D-B742-F32AD62E201E}.Debug|Any CPU.ActiveCfg = Debug|Any CPU
		{D2296B53-6C34-4E6D-B742-F32AD62E201E}.Debug|Any CPU.Build.0 = Debug|Any CPU
		{D2296B53-6C34-4E6D-B742-F32AD62E201E}.Release|Any CPU.ActiveCfg = Release|Any CPU
		{D2296B53-6C34-4E6D-B742-F32AD62E201E}.Release|Any CPU.Build.0 = Release|Any CPU
		{F82EA893-156B-4524-881B-82EAB76E4A92}.Debug|Any CPU.ActiveCfg = Debug|Any CPU
		{F82EA893-156B-4524-881B-82EAB76E4A92}.Debug|Any CPU.Build.0 = Debug|Any CPU
		{F82EA893-156B-4524-881B-82EAB76E4A92}.Release|Any CPU.ActiveCfg = Release|Any CPU
		{F82EA893-156B-4524-881B-82EAB76E4A92}.Release|Any CPU.Build.0 = Release|Any CPU
		{169C5DE7-55E1-4C22-8CD2-2412E5F9988E}.Debug|Any CPU.ActiveCfg = Debug|Any CPU
		{169C5DE7-55E1-4C22-8CD2-2412E5F9988E}.Debug|Any CPU.Build.0 = Debug|Any CPU
		{169C5DE7-55E1-4C22-8CD2-2412E5F9988E}.Release|Any CPU.ActiveCfg = Release|Any CPU
		{169C5DE7-55E1-4C22-8CD2-2412E5F9988E}.Release|Any CPU.Build.0 = Release|Any CPU
		{073B8DFA-849B-405C-B42E-16C08E98B57A}.Debug|Any CPU.ActiveCfg = Debug|Any CPU
		{073B8DFA-849B-405C-B42E-16C08E98B57A}.Debug|Any CPU.Build.0 = Debug|Any CPU
		{073B8DFA-849B-405C-B42E-16C08E98B57A}.Release|Any CPU.ActiveCfg = Release|Any CPU
		{073B8DFA-849B-405C-B42E-16C08E98B57A}.Release|Any CPU.Build.0 = Release|Any CPU
		{392C9670-799F-425B-AFBA-2C9C1811D630}.Debug|Any CPU.ActiveCfg = Debug|Any CPU
		{392C9670-799F-425B-AFBA-2C9C1811D630}.Debug|Any CPU.Build.0 = Debug|Any CPU
		{392C9670-799F-425B-AFBA-2C9C1811D630}.Release|Any CPU.ActiveCfg = Release|Any CPU
		{392C9670-799F-425B-AFBA-2C9C1811D630}.Release|Any CPU.Build.0 = Release|Any CPU
		{F964162E-2032-4059-B9AB-41CD37732148}.Debug|Any CPU.ActiveCfg = Debug|Any CPU
		{F964162E-2032-4059-B9AB-41CD37732148}.Debug|Any CPU.Build.0 = Debug|Any CPU
		{F964162E-2032-4059-B9AB-41CD37732148}.Release|Any CPU.ActiveCfg = Release|Any CPU
		{F964162E-2032-4059-B9AB-41CD37732148}.Release|Any CPU.Build.0 = Release|Any CPU
		{7E04507A-85EB-42BE-AA3A-1C21FB5F295C}.Debug|Any CPU.ActiveCfg = Debug|Any CPU
		{7E04507A-85EB-42BE-AA3A-1C21FB5F295C}.Debug|Any CPU.Build.0 = Debug|Any CPU
		{7E04507A-85EB-42BE-AA3A-1C21FB5F295C}.Release|Any CPU.ActiveCfg = Release|Any CPU
		{7E04507A-85EB-42BE-AA3A-1C21FB5F295C}.Release|Any CPU.Build.0 = Release|Any CPU
		{300483DA-12AC-4ABE-8718-6AD6A5939F15}.Debug|Any CPU.ActiveCfg = Debug|Any CPU
		{300483DA-12AC-4ABE-8718-6AD6A5939F15}.Debug|Any CPU.Build.0 = Debug|Any CPU
		{300483DA-12AC-4ABE-8718-6AD6A5939F15}.Release|Any CPU.ActiveCfg = Release|Any CPU
		{300483DA-12AC-4ABE-8718-6AD6A5939F15}.Release|Any CPU.Build.0 = Release|Any CPU
		{1C384258-687B-430B-8F99-4A95C22247FE}.Debug|Any CPU.ActiveCfg = Debug|Any CPU
		{1C384258-687B-430B-8F99-4A95C22247FE}.Debug|Any CPU.Build.0 = Debug|Any CPU
		{1C384258-687B-430B-8F99-4A95C22247FE}.Release|Any CPU.ActiveCfg = Release|Any CPU
		{1C384258-687B-430B-8F99-4A95C22247FE}.Release|Any CPU.Build.0 = Release|Any CPU
		{ACAA1F78-0FB8-4027-8BAB-A4B63D37CE92}.Debug|Any CPU.ActiveCfg = Debug|Any CPU
		{ACAA1F78-0FB8-4027-8BAB-A4B63D37CE92}.Debug|Any CPU.Build.0 = Debug|Any CPU
		{ACAA1F78-0FB8-4027-8BAB-A4B63D37CE92}.Release|Any CPU.ActiveCfg = Release|Any CPU
		{ACAA1F78-0FB8-4027-8BAB-A4B63D37CE92}.Release|Any CPU.Build.0 = Release|Any CPU
		{8FD3922B-D307-4833-A4A3-464BDFCCF7A4}.Debug|Any CPU.ActiveCfg = Debug|Any CPU
		{8FD3922B-D307-4833-A4A3-464BDFCCF7A4}.Debug|Any CPU.Build.0 = Debug|Any CPU
		{8FD3922B-D307-4833-A4A3-464BDFCCF7A4}.Release|Any CPU.ActiveCfg = Release|Any CPU
		{8FD3922B-D307-4833-A4A3-464BDFCCF7A4}.Release|Any CPU.Build.0 = Release|Any CPU
		{261D1ED2-5896-4E3B-BE7A-F9D524FE7BAD}.Debug|Any CPU.ActiveCfg = Debug|Any CPU
		{261D1ED2-5896-4E3B-BE7A-F9D524FE7BAD}.Debug|Any CPU.Build.0 = Debug|Any CPU
		{261D1ED2-5896-4E3B-BE7A-F9D524FE7BAD}.Release|Any CPU.ActiveCfg = Release|Any CPU
		{261D1ED2-5896-4E3B-BE7A-F9D524FE7BAD}.Release|Any CPU.Build.0 = Release|Any CPU
		{837B9CAC-79EA-4705-A99D-4082916C4F54}.Debug|Any CPU.ActiveCfg = Debug|Any CPU
		{837B9CAC-79EA-4705-A99D-4082916C4F54}.Debug|Any CPU.Build.0 = Debug|Any CPU
		{837B9CAC-79EA-4705-A99D-4082916C4F54}.Release|Any CPU.ActiveCfg = Release|Any CPU
		{837B9CAC-79EA-4705-A99D-4082916C4F54}.Release|Any CPU.Build.0 = Release|Any CPU
		{DFF27FD7-ACCD-42DA-8FED-3824C0FB67E4}.Debug|Any CPU.ActiveCfg = Debug|Any CPU
		{DFF27FD7-ACCD-42DA-8FED-3824C0FB67E4}.Debug|Any CPU.Build.0 = Debug|Any CPU
		{DFF27FD7-ACCD-42DA-8FED-3824C0FB67E4}.Release|Any CPU.ActiveCfg = Release|Any CPU
		{DFF27FD7-ACCD-42DA-8FED-3824C0FB67E4}.Release|Any CPU.Build.0 = Release|Any CPU
		{78E9E472-E318-420F-B73E-F1D27085FA87}.Debug|Any CPU.ActiveCfg = Debug|Any CPU
		{78E9E472-E318-420F-B73E-F1D27085FA87}.Debug|Any CPU.Build.0 = Debug|Any CPU
		{78E9E472-E318-420F-B73E-F1D27085FA87}.Release|Any CPU.ActiveCfg = Release|Any CPU
		{78E9E472-E318-420F-B73E-F1D27085FA87}.Release|Any CPU.Build.0 = Release|Any CPU
		{0BD0151D-E9FC-4E53-94E8-32E47DE884BC}.Debug|Any CPU.ActiveCfg = Debug|Any CPU
		{0BD0151D-E9FC-4E53-94E8-32E47DE884BC}.Debug|Any CPU.Build.0 = Debug|Any CPU
		{0BD0151D-E9FC-4E53-94E8-32E47DE884BC}.Release|Any CPU.ActiveCfg = Release|Any CPU
		{0BD0151D-E9FC-4E53-94E8-32E47DE884BC}.Release|Any CPU.Build.0 = Release|Any CPU
		{C3BDF483-82CB-4FDD-8D6E-D909F2D5FF13}.Debug|Any CPU.ActiveCfg = Debug|Any CPU
		{C3BDF483-82CB-4FDD-8D6E-D909F2D5FF13}.Debug|Any CPU.Build.0 = Debug|Any CPU
		{C3BDF483-82CB-4FDD-8D6E-D909F2D5FF13}.Release|Any CPU.ActiveCfg = Release|Any CPU
		{C3BDF483-82CB-4FDD-8D6E-D909F2D5FF13}.Release|Any CPU.Build.0 = Release|Any CPU
	EndGlobalSection
	GlobalSection(SolutionProperties) = preSolution
		HideSolutionNode = FALSE
	EndGlobalSection
	GlobalSection(NestedProjects) = preSolution
		{278B80F7-4B06-427C-ACA0-AC8C0F1CC072} = {C1799E60-D768-42E6-A9DE-81F61872D50F}
		{1A3403BE-CA32-460C-BC11-CB8AFC828503} = {C1799E60-D768-42E6-A9DE-81F61872D50F}
		{C06AB7DB-1ADD-494B-A1D7-33F0990A0397} = {C1799E60-D768-42E6-A9DE-81F61872D50F}
		{D97A9046-91CE-4783-9A94-BCE1D92DC612} = {56660C19-A61A-40EE-9120-36CE65BB600B}
		{D2296B53-6C34-4E6D-B742-F32AD62E201E} = {56660C19-A61A-40EE-9120-36CE65BB600B}
		{F82EA893-156B-4524-881B-82EAB76E4A92} = {56660C19-A61A-40EE-9120-36CE65BB600B}
		{169C5DE7-55E1-4C22-8CD2-2412E5F9988E} = {AA70CFA7-AB47-4A36-8F94-56273582F633}
		{073B8DFA-849B-405C-B42E-16C08E98B57A} = {AA70CFA7-AB47-4A36-8F94-56273582F633}
		{392C9670-799F-425B-AFBA-2C9C1811D630} = {AA70CFA7-AB47-4A36-8F94-56273582F633}
		{F964162E-2032-4059-B9AB-41CD37732148} = {8ACFD9C3-8435-457A-8CBF-17872B4FF36A}
		{7E04507A-85EB-42BE-AA3A-1C21FB5F295C} = {8ACFD9C3-8435-457A-8CBF-17872B4FF36A}
		{300483DA-12AC-4ABE-8718-6AD6A5939F15} = {8ACFD9C3-8435-457A-8CBF-17872B4FF36A}
		{1C384258-687B-430B-8F99-4A95C22247FE} = {ADECC3C7-2F74-438B-82D6-9203894E3534}
		{ACAA1F78-0FB8-4027-8BAB-A4B63D37CE92} = {ADECC3C7-2F74-438B-82D6-9203894E3534}
		{8FD3922B-D307-4833-A4A3-464BDFCCF7A4} = {ADECC3C7-2F74-438B-82D6-9203894E3534}
		{261D1ED2-5896-4E3B-BE7A-F9D524FE7BAD} = {79FFE964-9D81-49A2-93DB-5375D6C77255}
		{837B9CAC-79EA-4705-A99D-4082916C4F54} = {79FFE964-9D81-49A2-93DB-5375D6C77255}
		{DFF27FD7-ACCD-42DA-8FED-3824C0FB67E4} = {79FFE964-9D81-49A2-93DB-5375D6C77255}
		{78E9E472-E318-420F-B73E-F1D27085FA87} = {08876DCE-3BA3-4209-A3EA-7CF966362844}
		{0BD0151D-E9FC-4E53-94E8-32E47DE884BC} = {08876DCE-3BA3-4209-A3EA-7CF966362844}
		{C3BDF483-82CB-4FDD-8D6E-D909F2D5FF13} = {08876DCE-3BA3-4209-A3EA-7CF966362844}
	EndGlobalSection
	GlobalSection(ExtensibilityGlobals) = postSolution
		SolutionGuid = {F2056394-24A6-40F7-A10E-DB387D5D7E0A}
	EndGlobalSection
EndGlobal
